Microsoft Visual Studio Solution File, Format Version 12.00
# Visual Studio Version 17
VisualStudioVersion = 17.0.31919.166
MinimumVisualStudioVersion = 10.0.40219.1
Project("{9A19103F-16F7-4668-BE54-9A1E7A4F7556}") = "RetroSpy", "RetroSpy.csproj", "{265E6467-1C02-463D-ADE0-FDE2A3300925}"
EndProject
Project("{803FD0C6-D64E-4E16-9DC3-1DAEC859A3D2}") = "firmware", "firmware\firmware.vgdbproj", "{73EA1611-B8A4-4879-8D2A-A2620F1326F9}"
EndProject
Project("{8BC9CEB8-8B4A-11D0-8D11-00A0C91BC942}") = "MiSTer", "MiSTer\MiSTer.vcxproj", "{974FC0E2-EAF9-441F-83DC-ACED8390CC9B}"
EndProject
Project("{9A19103F-16F7-4668-BE54-9A1E7A4F7556}") = "GBPemu", "GBemu\GBPemu.csproj", "{8177880B-0631-4F7C-98EF-81BBC890A787}"
EndProject
Project("{9A19103F-16F7-4668-BE54-9A1E7A4F7556}") = "UsbUpdater", "UsbUpdater\UsbUpdater.csproj", "{2FEB56C8-A29B-4972-AE58-9400E1EC5FC9}"
EndProject
Project("{9A19103F-16F7-4668-BE54-9A1E7A4F7556}") = "GBPUpdater", "GBPUpdater\GBPUpdater.csproj", "{50D008D5-68F4-4243-8DAB-69CCCC51FECF}"
EndProject
Project("{9A19103F-16F7-4668-BE54-9A1E7A4F7556}") = "RetroSpyX", "RetroSpyX\RetroSpyX.csproj", "{F7CC6315-6995-48B4-808A-ABDEFF62EEBE}"
EndProject
Global
	GlobalSection(SolutionConfigurationPlatforms) = preSolution
		Debug|Any CPU = Debug|Any CPU
		Debug|Arduino_Nano = Debug|Arduino_Nano
		Debug|Arduino_Nano_Every = Debug|Arduino_Nano_Every
		Debug|Arduino_Uno = Debug|Arduino_Uno
		Debug|LGT8F328 = Debug|LGT8F328
		Debug|Teensy_3 5 = Debug|Teensy_3 5
		Debug|Teensy_4 0 = Debug|Teensy_4 0
		Debug|Teensy_4 1 = Debug|Teensy_4 1
		Debug|x64 = Debug|x64
		Debug|x86 = Debug|x86
		Release|Any CPU = Release|Any CPU
		Release|Arduino_Nano = Release|Arduino_Nano
		Release|Arduino_Nano_Every = Release|Arduino_Nano_Every
		Release|Arduino_Uno = Release|Arduino_Uno
		Release|LGT8F328 = Release|LGT8F328
		Release|Teensy_3 5 = Release|Teensy_3 5
		Release|Teensy_4 0 = Release|Teensy_4 0
		Release|Teensy_4 1 = Release|Teensy_4 1
		Release|x64 = Release|x64
		Release|x86 = Release|x86
	EndGlobalSection
	GlobalSection(ProjectConfigurationPlatforms) = postSolution
		{265E6467-1C02-463D-ADE0-FDE2A3300925}.Debug|Any CPU.ActiveCfg = Debug|Any CPU
		{265E6467-1C02-463D-ADE0-FDE2A3300925}.Debug|Any CPU.Build.0 = Debug|Any CPU
		{265E6467-1C02-463D-ADE0-FDE2A3300925}.Debug|Arduino_Nano.ActiveCfg = Debug|Any CPU
		{265E6467-1C02-463D-ADE0-FDE2A3300925}.Debug|Arduino_Nano.Build.0 = Debug|Any CPU
		{265E6467-1C02-463D-ADE0-FDE2A3300925}.Debug|Arduino_Nano_Every.ActiveCfg = Debug|Any CPU
		{265E6467-1C02-463D-ADE0-FDE2A3300925}.Debug|Arduino_Nano_Every.Build.0 = Debug|Any CPU
		{265E6467-1C02-463D-ADE0-FDE2A3300925}.Debug|Arduino_Uno.ActiveCfg = Debug|Any CPU
		{265E6467-1C02-463D-ADE0-FDE2A3300925}.Debug|Arduino_Uno.Build.0 = Debug|Any CPU
		{265E6467-1C02-463D-ADE0-FDE2A3300925}.Debug|LGT8F328.ActiveCfg = Debug|Any CPU
		{265E6467-1C02-463D-ADE0-FDE2A3300925}.Debug|LGT8F328.Build.0 = Debug|Any CPU
		{265E6467-1C02-463D-ADE0-FDE2A3300925}.Debug|Teensy_3 5.ActiveCfg = Debug|Any CPU
		{265E6467-1C02-463D-ADE0-FDE2A3300925}.Debug|Teensy_3 5.Build.0 = Debug|Any CPU
		{265E6467-1C02-463D-ADE0-FDE2A3300925}.Debug|Teensy_4 0.ActiveCfg = Debug|Any CPU
		{265E6467-1C02-463D-ADE0-FDE2A3300925}.Debug|Teensy_4 0.Build.0 = Debug|Any CPU
		{265E6467-1C02-463D-ADE0-FDE2A3300925}.Debug|Teensy_4 1.ActiveCfg = Debug|Any CPU
		{265E6467-1C02-463D-ADE0-FDE2A3300925}.Debug|Teensy_4 1.Build.0 = Debug|Any CPU
		{265E6467-1C02-463D-ADE0-FDE2A3300925}.Debug|x64.ActiveCfg = Debug|x64
		{265E6467-1C02-463D-ADE0-FDE2A3300925}.Debug|x64.Build.0 = Debug|x64
		{265E6467-1C02-463D-ADE0-FDE2A3300925}.Debug|x86.ActiveCfg = Debug|x86
		{265E6467-1C02-463D-ADE0-FDE2A3300925}.Debug|x86.Build.0 = Debug|x86
		{265E6467-1C02-463D-ADE0-FDE2A3300925}.Release|Any CPU.ActiveCfg = Release|Any CPU
		{265E6467-1C02-463D-ADE0-FDE2A3300925}.Release|Any CPU.Build.0 = Release|Any CPU
		{265E6467-1C02-463D-ADE0-FDE2A3300925}.Release|Arduino_Nano.ActiveCfg = Release|Any CPU
		{265E6467-1C02-463D-ADE0-FDE2A3300925}.Release|Arduino_Nano.Build.0 = Release|Any CPU
		{265E6467-1C02-463D-ADE0-FDE2A3300925}.Release|Arduino_Nano_Every.ActiveCfg = Release|Any CPU
		{265E6467-1C02-463D-ADE0-FDE2A3300925}.Release|Arduino_Nano_Every.Build.0 = Release|Any CPU
		{265E6467-1C02-463D-ADE0-FDE2A3300925}.Release|Arduino_Uno.ActiveCfg = Release|Any CPU
		{265E6467-1C02-463D-ADE0-FDE2A3300925}.Release|Arduino_Uno.Build.0 = Release|Any CPU
		{265E6467-1C02-463D-ADE0-FDE2A3300925}.Release|LGT8F328.ActiveCfg = Release|Any CPU
		{265E6467-1C02-463D-ADE0-FDE2A3300925}.Release|LGT8F328.Build.0 = Release|Any CPU
		{265E6467-1C02-463D-ADE0-FDE2A3300925}.Release|Teensy_3 5.ActiveCfg = Release|Any CPU
		{265E6467-1C02-463D-ADE0-FDE2A3300925}.Release|Teensy_3 5.Build.0 = Release|Any CPU
		{265E6467-1C02-463D-ADE0-FDE2A3300925}.Release|Teensy_4 0.ActiveCfg = Release|Any CPU
		{265E6467-1C02-463D-ADE0-FDE2A3300925}.Release|Teensy_4 0.Build.0 = Release|Any CPU
		{265E6467-1C02-463D-ADE0-FDE2A3300925}.Release|Teensy_4 1.ActiveCfg = Release|Any CPU
		{265E6467-1C02-463D-ADE0-FDE2A3300925}.Release|Teensy_4 1.Build.0 = Release|Any CPU
		{265E6467-1C02-463D-ADE0-FDE2A3300925}.Release|x64.ActiveCfg = Release|x64
		{265E6467-1C02-463D-ADE0-FDE2A3300925}.Release|x64.Build.0 = Release|x64
		{265E6467-1C02-463D-ADE0-FDE2A3300925}.Release|x86.ActiveCfg = Release|x86
		{265E6467-1C02-463D-ADE0-FDE2A3300925}.Release|x86.Build.0 = Release|x86
		{73EA1611-B8A4-4879-8D2A-A2620F1326F9}.Debug|Any CPU.ActiveCfg = Debug|Arduino_Uno
		{73EA1611-B8A4-4879-8D2A-A2620F1326F9}.Debug|Arduino_Nano.ActiveCfg = Debug|Arduino_Nano
		{73EA1611-B8A4-4879-8D2A-A2620F1326F9}.Debug|Arduino_Nano.Build.0 = Debug|Arduino_Nano
		{73EA1611-B8A4-4879-8D2A-A2620F1326F9}.Debug|Arduino_Nano_Every.ActiveCfg = Debug|Arduino_Nano_Every
		{73EA1611-B8A4-4879-8D2A-A2620F1326F9}.Debug|Arduino_Nano_Every.Build.0 = Debug|Arduino_Nano_Every
		{73EA1611-B8A4-4879-8D2A-A2620F1326F9}.Debug|Arduino_Uno.ActiveCfg = Debug|Arduino_Uno
		{73EA1611-B8A4-4879-8D2A-A2620F1326F9}.Debug|Arduino_Uno.Build.0 = Debug|Arduino_Uno
		{73EA1611-B8A4-4879-8D2A-A2620F1326F9}.Debug|LGT8F328.ActiveCfg = Debug|LGT8F328
		{73EA1611-B8A4-4879-8D2A-A2620F1326F9}.Debug|LGT8F328.Build.0 = Debug|LGT8F328
		{73EA1611-B8A4-4879-8D2A-A2620F1326F9}.Debug|Teensy_3 5.ActiveCfg = Debug|Teensy_3 5
		{73EA1611-B8A4-4879-8D2A-A2620F1326F9}.Debug|Teensy_3 5.Build.0 = Debug|Teensy_3 5
		{73EA1611-B8A4-4879-8D2A-A2620F1326F9}.Debug|Teensy_4 0.ActiveCfg = Debug|Teensy_4 0
		{73EA1611-B8A4-4879-8D2A-A2620F1326F9}.Debug|Teensy_4 0.Build.0 = Debug|Teensy_4 0
		{73EA1611-B8A4-4879-8D2A-A2620F1326F9}.Debug|Teensy_4 1.ActiveCfg = Debug|Teensy_4 1
		{73EA1611-B8A4-4879-8D2A-A2620F1326F9}.Debug|Teensy_4 1.Build.0 = Debug|Teensy_4 1
		{73EA1611-B8A4-4879-8D2A-A2620F1326F9}.Debug|x64.ActiveCfg = Debug|Arduino_Uno
		{73EA1611-B8A4-4879-8D2A-A2620F1326F9}.Debug|x86.ActiveCfg = Debug|Arduino_Uno
		{73EA1611-B8A4-4879-8D2A-A2620F1326F9}.Release|Any CPU.ActiveCfg = Release|Arduino_Uno
		{73EA1611-B8A4-4879-8D2A-A2620F1326F9}.Release|Arduino_Nano.ActiveCfg = Release|Arduino_Nano
		{73EA1611-B8A4-4879-8D2A-A2620F1326F9}.Release|Arduino_Nano.Build.0 = Release|Arduino_Nano
		{73EA1611-B8A4-4879-8D2A-A2620F1326F9}.Release|Arduino_Nano_Every.ActiveCfg = Release|Arduino_Nano_Every
		{73EA1611-B8A4-4879-8D2A-A2620F1326F9}.Release|Arduino_Nano_Every.Build.0 = Release|Arduino_Nano_Every
		{73EA1611-B8A4-4879-8D2A-A2620F1326F9}.Release|Arduino_Uno.ActiveCfg = Release|Arduino_Uno
		{73EA1611-B8A4-4879-8D2A-A2620F1326F9}.Release|Arduino_Uno.Build.0 = Release|Arduino_Uno
		{73EA1611-B8A4-4879-8D2A-A2620F1326F9}.Release|LGT8F328.ActiveCfg = Release|LGT8F328
		{73EA1611-B8A4-4879-8D2A-A2620F1326F9}.Release|LGT8F328.Build.0 = Release|LGT8F328
		{73EA1611-B8A4-4879-8D2A-A2620F1326F9}.Release|Teensy_3 5.ActiveCfg = Release|Teensy_3 5
		{73EA1611-B8A4-4879-8D2A-A2620F1326F9}.Release|Teensy_3 5.Build.0 = Release|Teensy_3 5
		{73EA1611-B8A4-4879-8D2A-A2620F1326F9}.Release|Teensy_4 0.ActiveCfg = Release|Teensy_4 0
		{73EA1611-B8A4-4879-8D2A-A2620F1326F9}.Release|Teensy_4 0.Build.0 = Release|Teensy_4 0
		{73EA1611-B8A4-4879-8D2A-A2620F1326F9}.Release|Teensy_4 1.ActiveCfg = Release|Teensy_4 1
		{73EA1611-B8A4-4879-8D2A-A2620F1326F9}.Release|Teensy_4 1.Build.0 = Release|Teensy_4 1
		{73EA1611-B8A4-4879-8D2A-A2620F1326F9}.Release|x64.ActiveCfg = Release|Arduino_Uno
		{73EA1611-B8A4-4879-8D2A-A2620F1326F9}.Release|x86.ActiveCfg = Release|Arduino_Uno
		{974FC0E2-EAF9-441F-83DC-ACED8390CC9B}.Debug|Any CPU.ActiveCfg = Debug|Win32
		{974FC0E2-EAF9-441F-83DC-ACED8390CC9B}.Debug|Arduino_Nano.ActiveCfg = Debug|Win32
		{974FC0E2-EAF9-441F-83DC-ACED8390CC9B}.Debug|Arduino_Nano.Build.0 = Debug|Win32
		{974FC0E2-EAF9-441F-83DC-ACED8390CC9B}.Debug|Arduino_Nano_Every.ActiveCfg = Debug|Win32
		{974FC0E2-EAF9-441F-83DC-ACED8390CC9B}.Debug|Arduino_Nano_Every.Build.0 = Debug|Win32
		{974FC0E2-EAF9-441F-83DC-ACED8390CC9B}.Debug|Arduino_Uno.ActiveCfg = Debug|Win32
		{974FC0E2-EAF9-441F-83DC-ACED8390CC9B}.Debug|Arduino_Uno.Build.0 = Debug|Win32
		{974FC0E2-EAF9-441F-83DC-ACED8390CC9B}.Debug|LGT8F328.ActiveCfg = Debug|LGT8F328
		{974FC0E2-EAF9-441F-83DC-ACED8390CC9B}.Debug|LGT8F328.Build.0 = Debug|LGT8F328
		{974FC0E2-EAF9-441F-83DC-ACED8390CC9B}.Debug|Teensy_3 5.ActiveCfg = Debug|Win32
		{974FC0E2-EAF9-441F-83DC-ACED8390CC9B}.Debug|Teensy_3 5.Build.0 = Debug|Win32
		{974FC0E2-EAF9-441F-83DC-ACED8390CC9B}.Debug|Teensy_4 0.ActiveCfg = Debug|Win32
		{974FC0E2-EAF9-441F-83DC-ACED8390CC9B}.Debug|Teensy_4 0.Build.0 = Debug|Win32
		{974FC0E2-EAF9-441F-83DC-ACED8390CC9B}.Debug|Teensy_4 1.ActiveCfg = Debug|Win32
		{974FC0E2-EAF9-441F-83DC-ACED8390CC9B}.Debug|Teensy_4 1.Build.0 = Debug|Win32
		{974FC0E2-EAF9-441F-83DC-ACED8390CC9B}.Debug|x64.ActiveCfg = Debug|Win32
		{974FC0E2-EAF9-441F-83DC-ACED8390CC9B}.Debug|x86.ActiveCfg = Debug|Win32
		{974FC0E2-EAF9-441F-83DC-ACED8390CC9B}.Debug|x86.Build.0 = Debug|Win32
		{974FC0E2-EAF9-441F-83DC-ACED8390CC9B}.Release|Any CPU.ActiveCfg = Release|Win32
		{974FC0E2-EAF9-441F-83DC-ACED8390CC9B}.Release|Arduino_Nano.ActiveCfg = Release|Win32
		{974FC0E2-EAF9-441F-83DC-ACED8390CC9B}.Release|Arduino_Nano.Build.0 = Release|Win32
		{974FC0E2-EAF9-441F-83DC-ACED8390CC9B}.Release|Arduino_Nano_Every.ActiveCfg = Release|Win32
		{974FC0E2-EAF9-441F-83DC-ACED8390CC9B}.Release|Arduino_Nano_Every.Build.0 = Release|Win32
		{974FC0E2-EAF9-441F-83DC-ACED8390CC9B}.Release|Arduino_Uno.ActiveCfg = Release|Win32
		{974FC0E2-EAF9-441F-83DC-ACED8390CC9B}.Release|Arduino_Uno.Build.0 = Release|Win32
		{974FC0E2-EAF9-441F-83DC-ACED8390CC9B}.Release|LGT8F328.ActiveCfg = Release|LGT8F328
		{974FC0E2-EAF9-441F-83DC-ACED8390CC9B}.Release|LGT8F328.Build.0 = Release|LGT8F328
		{974FC0E2-EAF9-441F-83DC-ACED8390CC9B}.Release|Teensy_3 5.ActiveCfg = Release|Win32
		{974FC0E2-EAF9-441F-83DC-ACED8390CC9B}.Release|Teensy_3 5.Build.0 = Release|Win32
		{974FC0E2-EAF9-441F-83DC-ACED8390CC9B}.Release|Teensy_4 0.ActiveCfg = Release|Win32
		{974FC0E2-EAF9-441F-83DC-ACED8390CC9B}.Release|Teensy_4 0.Build.0 = Release|Win32
		{974FC0E2-EAF9-441F-83DC-ACED8390CC9B}.Release|Teensy_4 1.ActiveCfg = Release|Win32
		{974FC0E2-EAF9-441F-83DC-ACED8390CC9B}.Release|Teensy_4 1.Build.0 = Release|Win32
		{974FC0E2-EAF9-441F-83DC-ACED8390CC9B}.Release|x64.ActiveCfg = Release|Win32
		{974FC0E2-EAF9-441F-83DC-ACED8390CC9B}.Release|x86.ActiveCfg = Release|Win32
		{974FC0E2-EAF9-441F-83DC-ACED8390CC9B}.Release|x86.Build.0 = Release|Win32
		{8177880B-0631-4F7C-98EF-81BBC890A787}.Debug|Any CPU.ActiveCfg = Debug|Any CPU
		{8177880B-0631-4F7C-98EF-81BBC890A787}.Debug|Any CPU.Build.0 = Debug|Any CPU
		{8177880B-0631-4F7C-98EF-81BBC890A787}.Debug|Arduino_Nano.ActiveCfg = Debug|Any CPU
		{8177880B-0631-4F7C-98EF-81BBC890A787}.Debug|Arduino_Nano.Build.0 = Debug|Any CPU
		{8177880B-0631-4F7C-98EF-81BBC890A787}.Debug|Arduino_Nano_Every.ActiveCfg = Debug|Any CPU
		{8177880B-0631-4F7C-98EF-81BBC890A787}.Debug|Arduino_Nano_Every.Build.0 = Debug|Any CPU
		{8177880B-0631-4F7C-98EF-81BBC890A787}.Debug|Arduino_Uno.ActiveCfg = Debug|Any CPU
		{8177880B-0631-4F7C-98EF-81BBC890A787}.Debug|Arduino_Uno.Build.0 = Debug|Any CPU
		{8177880B-0631-4F7C-98EF-81BBC890A787}.Debug|LGT8F328.ActiveCfg = Debug|Any CPU
		{8177880B-0631-4F7C-98EF-81BBC890A787}.Debug|LGT8F328.Build.0 = Debug|Any CPU
		{8177880B-0631-4F7C-98EF-81BBC890A787}.Debug|Teensy_3 5.ActiveCfg = Debug|Any CPU
		{8177880B-0631-4F7C-98EF-81BBC890A787}.Debug|Teensy_3 5.Build.0 = Debug|Any CPU
		{8177880B-0631-4F7C-98EF-81BBC890A787}.Debug|Teensy_4 0.ActiveCfg = Debug|Any CPU
		{8177880B-0631-4F7C-98EF-81BBC890A787}.Debug|Teensy_4 0.Build.0 = Debug|Any CPU
		{8177880B-0631-4F7C-98EF-81BBC890A787}.Debug|Teensy_4 1.ActiveCfg = Debug|Any CPU
		{8177880B-0631-4F7C-98EF-81BBC890A787}.Debug|Teensy_4 1.Build.0 = Debug|Any CPU
		{8177880B-0631-4F7C-98EF-81BBC890A787}.Debug|x64.ActiveCfg = Debug|x64
		{8177880B-0631-4F7C-98EF-81BBC890A787}.Debug|x64.Build.0 = Debug|x64
		{8177880B-0631-4F7C-98EF-81BBC890A787}.Debug|x86.ActiveCfg = Debug|x86
		{8177880B-0631-4F7C-98EF-81BBC890A787}.Debug|x86.Build.0 = Debug|x86
		{8177880B-0631-4F7C-98EF-81BBC890A787}.Release|Any CPU.ActiveCfg = Release|Any CPU
		{8177880B-0631-4F7C-98EF-81BBC890A787}.Release|Any CPU.Build.0 = Release|Any CPU
		{8177880B-0631-4F7C-98EF-81BBC890A787}.Release|Arduino_Nano.ActiveCfg = Release|Any CPU
		{8177880B-0631-4F7C-98EF-81BBC890A787}.Release|Arduino_Nano.Build.0 = Release|Any CPU
		{8177880B-0631-4F7C-98EF-81BBC890A787}.Release|Arduino_Nano_Every.ActiveCfg = Release|Any CPU
		{8177880B-0631-4F7C-98EF-81BBC890A787}.Release|Arduino_Nano_Every.Build.0 = Release|Any CPU
		{8177880B-0631-4F7C-98EF-81BBC890A787}.Release|Arduino_Uno.ActiveCfg = Release|Any CPU
		{8177880B-0631-4F7C-98EF-81BBC890A787}.Release|Arduino_Uno.Build.0 = Release|Any CPU
		{8177880B-0631-4F7C-98EF-81BBC890A787}.Release|LGT8F328.ActiveCfg = Release|Any CPU
		{8177880B-0631-4F7C-98EF-81BBC890A787}.Release|LGT8F328.Build.0 = Release|Any CPU
		{8177880B-0631-4F7C-98EF-81BBC890A787}.Release|Teensy_3 5.ActiveCfg = Release|Any CPU
		{8177880B-0631-4F7C-98EF-81BBC890A787}.Release|Teensy_3 5.Build.0 = Release|Any CPU
		{8177880B-0631-4F7C-98EF-81BBC890A787}.Release|Teensy_4 0.ActiveCfg = Release|Any CPU
		{8177880B-0631-4F7C-98EF-81BBC890A787}.Release|Teensy_4 0.Build.0 = Release|Any CPU
		{8177880B-0631-4F7C-98EF-81BBC890A787}.Release|Teensy_4 1.ActiveCfg = Release|Any CPU
		{8177880B-0631-4F7C-98EF-81BBC890A787}.Release|Teensy_4 1.Build.0 = Release|Any CPU
		{8177880B-0631-4F7C-98EF-81BBC890A787}.Release|x64.ActiveCfg = Release|x64
		{8177880B-0631-4F7C-98EF-81BBC890A787}.Release|x64.Build.0 = Release|x64
		{8177880B-0631-4F7C-98EF-81BBC890A787}.Release|x86.ActiveCfg = Release|x86
		{8177880B-0631-4F7C-98EF-81BBC890A787}.Release|x86.Build.0 = Release|x86
		{2FEB56C8-A29B-4972-AE58-9400E1EC5FC9}.Debug|Any CPU.ActiveCfg = Debug|Any CPU
		{2FEB56C8-A29B-4972-AE58-9400E1EC5FC9}.Debug|Any CPU.Build.0 = Debug|Any CPU
		{2FEB56C8-A29B-4972-AE58-9400E1EC5FC9}.Debug|Arduino_Nano.ActiveCfg = Debug|Any CPU
		{2FEB56C8-A29B-4972-AE58-9400E1EC5FC9}.Debug|Arduino_Nano.Build.0 = Debug|Any CPU
		{2FEB56C8-A29B-4972-AE58-9400E1EC5FC9}.Debug|Arduino_Nano_Every.ActiveCfg = Debug|Any CPU
		{2FEB56C8-A29B-4972-AE58-9400E1EC5FC9}.Debug|Arduino_Nano_Every.Build.0 = Debug|Any CPU
		{2FEB56C8-A29B-4972-AE58-9400E1EC5FC9}.Debug|Arduino_Uno.ActiveCfg = Debug|Any CPU
		{2FEB56C8-A29B-4972-AE58-9400E1EC5FC9}.Debug|Arduino_Uno.Build.0 = Debug|Any CPU
		{2FEB56C8-A29B-4972-AE58-9400E1EC5FC9}.Debug|LGT8F328.ActiveCfg = Debug|Any CPU
		{2FEB56C8-A29B-4972-AE58-9400E1EC5FC9}.Debug|LGT8F328.Build.0 = Debug|Any CPU
		{2FEB56C8-A29B-4972-AE58-9400E1EC5FC9}.Debug|Teensy_3 5.ActiveCfg = Debug|Any CPU
		{2FEB56C8-A29B-4972-AE58-9400E1EC5FC9}.Debug|Teensy_3 5.Build.0 = Debug|Any CPU
		{2FEB56C8-A29B-4972-AE58-9400E1EC5FC9}.Debug|Teensy_4 0.ActiveCfg = Debug|Any CPU
		{2FEB56C8-A29B-4972-AE58-9400E1EC5FC9}.Debug|Teensy_4 0.Build.0 = Debug|Any CPU
		{2FEB56C8-A29B-4972-AE58-9400E1EC5FC9}.Debug|Teensy_4 1.ActiveCfg = Debug|Any CPU
		{2FEB56C8-A29B-4972-AE58-9400E1EC5FC9}.Debug|Teensy_4 1.Build.0 = Debug|Any CPU
		{2FEB56C8-A29B-4972-AE58-9400E1EC5FC9}.Debug|x64.ActiveCfg = Debug|x64
		{2FEB56C8-A29B-4972-AE58-9400E1EC5FC9}.Debug|x64.Build.0 = Debug|x64
		{2FEB56C8-A29B-4972-AE58-9400E1EC5FC9}.Debug|x86.ActiveCfg = Debug|x86
		{2FEB56C8-A29B-4972-AE58-9400E1EC5FC9}.Debug|x86.Build.0 = Debug|x86
		{2FEB56C8-A29B-4972-AE58-9400E1EC5FC9}.Release|Any CPU.ActiveCfg = Release|Any CPU
		{2FEB56C8-A29B-4972-AE58-9400E1EC5FC9}.Release|Any CPU.Build.0 = Release|Any CPU
		{2FEB56C8-A29B-4972-AE58-9400E1EC5FC9}.Release|Arduino_Nano.ActiveCfg = Release|Any CPU
		{2FEB56C8-A29B-4972-AE58-9400E1EC5FC9}.Release|Arduino_Nano.Build.0 = Release|Any CPU
		{2FEB56C8-A29B-4972-AE58-9400E1EC5FC9}.Release|Arduino_Nano_Every.ActiveCfg = Release|Any CPU
		{2FEB56C8-A29B-4972-AE58-9400E1EC5FC9}.Release|Arduino_Nano_Every.Build.0 = Release|Any CPU
		{2FEB56C8-A29B-4972-AE58-9400E1EC5FC9}.Release|Arduino_Uno.ActiveCfg = Release|Any CPU
		{2FEB56C8-A29B-4972-AE58-9400E1EC5FC9}.Release|Arduino_Uno.Build.0 = Release|Any CPU
		{2FEB56C8-A29B-4972-AE58-9400E1EC5FC9}.Release|LGT8F328.ActiveCfg = Release|Any CPU
		{2FEB56C8-A29B-4972-AE58-9400E1EC5FC9}.Release|LGT8F328.Build.0 = Release|Any CPU
		{2FEB56C8-A29B-4972-AE58-9400E1EC5FC9}.Release|Teensy_3 5.ActiveCfg = Release|Any CPU
		{2FEB56C8-A29B-4972-AE58-9400E1EC5FC9}.Release|Teensy_3 5.Build.0 = Release|Any CPU
		{2FEB56C8-A29B-4972-AE58-9400E1EC5FC9}.Release|Teensy_4 0.ActiveCfg = Release|Any CPU
		{2FEB56C8-A29B-4972-AE58-9400E1EC5FC9}.Release|Teensy_4 0.Build.0 = Release|Any CPU
		{2FEB56C8-A29B-4972-AE58-9400E1EC5FC9}.Release|Teensy_4 1.ActiveCfg = Release|Any CPU
		{2FEB56C8-A29B-4972-AE58-9400E1EC5FC9}.Release|Teensy_4 1.Build.0 = Release|Any CPU
		{2FEB56C8-A29B-4972-AE58-9400E1EC5FC9}.Release|x64.ActiveCfg = Release|x64
		{2FEB56C8-A29B-4972-AE58-9400E1EC5FC9}.Release|x64.Build.0 = Release|x64
		{2FEB56C8-A29B-4972-AE58-9400E1EC5FC9}.Release|x86.ActiveCfg = Release|x86
		{2FEB56C8-A29B-4972-AE58-9400E1EC5FC9}.Release|x86.Build.0 = Release|x86
		{50D008D5-68F4-4243-8DAB-69CCCC51FECF}.Debug|Any CPU.ActiveCfg = Debug|Any CPU
		{50D008D5-68F4-4243-8DAB-69CCCC51FECF}.Debug|Any CPU.Build.0 = Debug|Any CPU
		{50D008D5-68F4-4243-8DAB-69CCCC51FECF}.Debug|Arduino_Nano.ActiveCfg = Debug|Any CPU
		{50D008D5-68F4-4243-8DAB-69CCCC51FECF}.Debug|Arduino_Nano.Build.0 = Debug|Any CPU
		{50D008D5-68F4-4243-8DAB-69CCCC51FECF}.Debug|Arduino_Nano_Every.ActiveCfg = Debug|Any CPU
		{50D008D5-68F4-4243-8DAB-69CCCC51FECF}.Debug|Arduino_Nano_Every.Build.0 = Debug|Any CPU
		{50D008D5-68F4-4243-8DAB-69CCCC51FECF}.Debug|Arduino_Uno.ActiveCfg = Debug|Any CPU
		{50D008D5-68F4-4243-8DAB-69CCCC51FECF}.Debug|Arduino_Uno.Build.0 = Debug|Any CPU
		{50D008D5-68F4-4243-8DAB-69CCCC51FECF}.Debug|LGT8F328.ActiveCfg = Debug|Any CPU
		{50D008D5-68F4-4243-8DAB-69CCCC51FECF}.Debug|LGT8F328.Build.0 = Debug|Any CPU
		{50D008D5-68F4-4243-8DAB-69CCCC51FECF}.Debug|Teensy_3 5.ActiveCfg = Debug|Any CPU
		{50D008D5-68F4-4243-8DAB-69CCCC51FECF}.Debug|Teensy_3 5.Build.0 = Debug|Any CPU
		{50D008D5-68F4-4243-8DAB-69CCCC51FECF}.Debug|Teensy_4 0.ActiveCfg = Debug|Any CPU
		{50D008D5-68F4-4243-8DAB-69CCCC51FECF}.Debug|Teensy_4 0.Build.0 = Debug|Any CPU
		{50D008D5-68F4-4243-8DAB-69CCCC51FECF}.Debug|Teensy_4 1.ActiveCfg = Debug|Any CPU
		{50D008D5-68F4-4243-8DAB-69CCCC51FECF}.Debug|Teensy_4 1.Build.0 = Debug|Any CPU
		{50D008D5-68F4-4243-8DAB-69CCCC51FECF}.Debug|x64.ActiveCfg = Debug|x64
		{50D008D5-68F4-4243-8DAB-69CCCC51FECF}.Debug|x64.Build.0 = Debug|x64
		{50D008D5-68F4-4243-8DAB-69CCCC51FECF}.Debug|x86.ActiveCfg = Debug|x86
		{50D008D5-68F4-4243-8DAB-69CCCC51FECF}.Debug|x86.Build.0 = Debug|x86
		{50D008D5-68F4-4243-8DAB-69CCCC51FECF}.Release|Any CPU.ActiveCfg = Release|Any CPU
		{50D008D5-68F4-4243-8DAB-69CCCC51FECF}.Release|Any CPU.Build.0 = Release|Any CPU
		{50D008D5-68F4-4243-8DAB-69CCCC51FECF}.Release|Arduino_Nano.ActiveCfg = Release|Any CPU
		{50D008D5-68F4-4243-8DAB-69CCCC51FECF}.Release|Arduino_Nano.Build.0 = Release|Any CPU
		{50D008D5-68F4-4243-8DAB-69CCCC51FECF}.Release|Arduino_Nano_Every.ActiveCfg = Release|Any CPU
		{50D008D5-68F4-4243-8DAB-69CCCC51FECF}.Release|Arduino_Nano_Every.Build.0 = Release|Any CPU
		{50D008D5-68F4-4243-8DAB-69CCCC51FECF}.Release|Arduino_Uno.ActiveCfg = Release|Any CPU
		{50D008D5-68F4-4243-8DAB-69CCCC51FECF}.Release|Arduino_Uno.Build.0 = Release|Any CPU
		{50D008D5-68F4-4243-8DAB-69CCCC51FECF}.Release|LGT8F328.ActiveCfg = Release|Any CPU
		{50D008D5-68F4-4243-8DAB-69CCCC51FECF}.Release|LGT8F328.Build.0 = Release|Any CPU
		{50D008D5-68F4-4243-8DAB-69CCCC51FECF}.Release|Teensy_3 5.ActiveCfg = Release|Any CPU
		{50D008D5-68F4-4243-8DAB-69CCCC51FECF}.Release|Teensy_3 5.Build.0 = Release|Any CPU
		{50D008D5-68F4-4243-8DAB-69CCCC51FECF}.Release|Teensy_4 0.ActiveCfg = Release|Any CPU
		{50D008D5-68F4-4243-8DAB-69CCCC51FECF}.Release|Teensy_4 0.Build.0 = Release|Any CPU
		{50D008D5-68F4-4243-8DAB-69CCCC51FECF}.Release|Teensy_4 1.ActiveCfg = Release|Any CPU
		{50D008D5-68F4-4243-8DAB-69CCCC51FECF}.Release|Teensy_4 1.Build.0 = Release|Any CPU
		{50D008D5-68F4-4243-8DAB-69CCCC51FECF}.Release|x64.ActiveCfg = Release|x64
		{50D008D5-68F4-4243-8DAB-69CCCC51FECF}.Release|x64.Build.0 = Release|x64
		{50D008D5-68F4-4243-8DAB-69CCCC51FECF}.Release|x86.ActiveCfg = Release|x86
		{50D008D5-68F4-4243-8DAB-69CCCC51FECF}.Release|x86.Build.0 = Release|x86
		{F7CC6315-6995-48B4-808A-ABDEFF62EEBE}.Debug|Any CPU.ActiveCfg = Debug|Any CPU
		{F7CC6315-6995-48B4-808A-ABDEFF62EEBE}.Debug|Any CPU.Build.0 = Debug|Any CPU
		{F7CC6315-6995-48B4-808A-ABDEFF62EEBE}.Debug|Arduino_Nano.ActiveCfg = Debug|Any CPU
		{F7CC6315-6995-48B4-808A-ABDEFF62EEBE}.Debug|Arduino_Nano.Build.0 = Debug|Any CPU
		{F7CC6315-6995-48B4-808A-ABDEFF62EEBE}.Debug|Arduino_Nano_Every.ActiveCfg = Debug|Any CPU
		{F7CC6315-6995-48B4-808A-ABDEFF62EEBE}.Debug|Arduino_Nano_Every.Build.0 = Debug|Any CPU
		{F7CC6315-6995-48B4-808A-ABDEFF62EEBE}.Debug|Arduino_Uno.ActiveCfg = Debug|Any CPU
		{F7CC6315-6995-48B4-808A-ABDEFF62EEBE}.Debug|Arduino_Uno.Build.0 = Debug|Any CPU
		{F7CC6315-6995-48B4-808A-ABDEFF62EEBE}.Debug|LGT8F328.ActiveCfg = Debug|Any CPU
		{F7CC6315-6995-48B4-808A-ABDEFF62EEBE}.Debug|LGT8F328.Build.0 = Debug|Any CPU
		{F7CC6315-6995-48B4-808A-ABDEFF62EEBE}.Debug|Teensy_3 5.ActiveCfg = Debug|Any CPU
		{F7CC6315-6995-48B4-808A-ABDEFF62EEBE}.Debug|Teensy_3 5.Build.0 = Debug|Any CPU
		{F7CC6315-6995-48B4-808A-ABDEFF62EEBE}.Debug|Teensy_4 0.ActiveCfg = Debug|Any CPU
		{F7CC6315-6995-48B4-808A-ABDEFF62EEBE}.Debug|Teensy_4 0.Build.0 = Debug|Any CPU
		{F7CC6315-6995-48B4-808A-ABDEFF62EEBE}.Debug|Teensy_4 1.ActiveCfg = Debug|Any CPU
		{F7CC6315-6995-48B4-808A-ABDEFF62EEBE}.Debug|Teensy_4 1.Build.0 = Debug|Any CPU
		{F7CC6315-6995-48B4-808A-ABDEFF62EEBE}.Debug|x64.ActiveCfg = Debug|Any CPU
		{F7CC6315-6995-48B4-808A-ABDEFF62EEBE}.Debug|x64.Build.0 = Debug|Any CPU
		{F7CC6315-6995-48B4-808A-ABDEFF62EEBE}.Debug|x86.ActiveCfg = Debug|Any CPU
		{F7CC6315-6995-48B4-808A-ABDEFF62EEBE}.Debug|x86.Build.0 = Debug|Any CPU
		{F7CC6315-6995-48B4-808A-ABDEFF62EEBE}.Release|Any CPU.ActiveCfg = Release|Any CPU
		{F7CC6315-6995-48B4-808A-ABDEFF62EEBE}.Release|Any CPU.Build.0 = Release|Any CPU
		{F7CC6315-6995-48B4-808A-ABDEFF62EEBE}.Release|Arduino_Nano.ActiveCfg = Release|Any CPU
		{F7CC6315-6995-48B4-808A-ABDEFF62EEBE}.Release|Arduino_Nano.Build.0 = Release|Any CPU
		{F7CC6315-6995-48B4-808A-ABDEFF62EEBE}.Release|Arduino_Nano_Every.ActiveCfg = Release|Any CPU
		{F7CC6315-6995-48B4-808A-ABDEFF62EEBE}.Release|Arduino_Nano_Every.Build.0 = Release|Any CPU
		{F7CC6315-6995-48B4-808A-ABDEFF62EEBE}.Release|Arduino_Uno.ActiveCfg = Release|Any CPU
		{F7CC6315-6995-48B4-808A-ABDEFF62EEBE}.Release|Arduino_Uno.Build.0 = Release|Any CPU
		{F7CC6315-6995-48B4-808A-ABDEFF62EEBE}.Release|LGT8F328.ActiveCfg = Release|Any CPU
		{F7CC6315-6995-48B4-808A-ABDEFF62EEBE}.Release|LGT8F328.Build.0 = Release|Any CPU
		{F7CC6315-6995-48B4-808A-ABDEFF62EEBE}.Release|Teensy_3 5.ActiveCfg = Release|Any CPU
		{F7CC6315-6995-48B4-808A-ABDEFF62EEBE}.Release|Teensy_3 5.Build.0 = Release|Any CPU
		{F7CC6315-6995-48B4-808A-ABDEFF62EEBE}.Release|Teensy_4 0.ActiveCfg = Release|Any CPU
		{F7CC6315-6995-48B4-808A-ABDEFF62EEBE}.Release|Teensy_4 0.Build.0 = Release|Any CPU
		{F7CC6315-6995-48B4-808A-ABDEFF62EEBE}.Release|Teensy_4 1.ActiveCfg = Release|Any CPU
		{F7CC6315-6995-48B4-808A-ABDEFF62EEBE}.Release|Teensy_4 1.Build.0 = Release|Any CPU
		{F7CC6315-6995-48B4-808A-ABDEFF62EEBE}.Release|x64.ActiveCfg = Release|Any CPU
		{F7CC6315-6995-48B4-808A-ABDEFF62EEBE}.Release|x64.Build.0 = Release|Any CPU
		{F7CC6315-6995-48B4-808A-ABDEFF62EEBE}.Release|x86.ActiveCfg = Release|Any CPU
		{F7CC6315-6995-48B4-808A-ABDEFF62EEBE}.Release|x86.Build.0 = Release|Any CPU
	EndGlobalSection
	GlobalSection(SolutionProperties) = preSolution
		HideSolutionNode = FALSE
	EndGlobalSection
	GlobalSection(ExtensibilityGlobals) = postSolution
		SolutionGuid = {7FA9EC66-2E35-46F4-B2BA-8352D4AEFDE8}
	EndGlobalSection
EndGlobal
