Microsoft Visual Studio Solution File, Format Version 12.00
# Visual Studio Version 17
VisualStudioVersion = 17.0.31919.166
MinimumVisualStudioVersion = 10.0.40219.1
Project("{9A19103F-16F7-4668-BE54-9A1E7A4F7556}") = "RetroSpyX", "RetroSpyX\RetroSpyX.csproj", "{F7CC6315-6995-48B4-808A-ABDEFF62EEBE}"
EndProject
Project("{9A19103F-16F7-4668-BE54-9A1E7A4F7556}") = "UsbUpdaterX", "UsbUpdaterX\UsbUpdaterX.csproj", "{4E9E04B3-C427-4EDB-906E-577F7989CB22}"
EndProject
Project("{9A19103F-16F7-4668-BE54-9A1E7A4F7556}") = "GBPUpdaterX", "GBPUpdaterX\GBPUpdaterX.csproj", "{D6339E20-C097-4604-8E70-A302A9AB3381}"
EndProject
Project("{9A19103F-16F7-4668-BE54-9A1E7A4F7556}") = "GBPemuX", "GBPemuX\GBPemuX.csproj", "{8ABC5880-452D-40DB-AF55-6B6FF76987A3}"
EndProject
Project("{2150E333-8FDC-42A3-9474-1A3956D46DE8}") = "Solution Items", "Solution Items", "{BB809359-CA9A-4BAC-B728-B0FA12985304}"
	ProjectSection(SolutionItems) = preProject
		release.bat = release.bat
		release.sh = release.sh
		RetroSpy.aip = RetroSpy.aip
	EndProjectSection
EndProject
Global
	GlobalSection(SolutionConfigurationPlatforms) = preSolution
		Debug|Any CPU = Debug|Any CPU
		Release|Any CPU = Release|Any CPU
	EndGlobalSection
	GlobalSection(ProjectConfigurationPlatforms) = postSolution
		{F7CC6315-6995-48B4-808A-ABDEFF62EEBE}.Debug|Any CPU.ActiveCfg = Debug|Any CPU
		{F7CC6315-6995-48B4-808A-ABDEFF62EEBE}.Debug|Any CPU.Build.0 = Debug|Any CPU
		{F7CC6315-6995-48B4-808A-ABDEFF62EEBE}.Release|Any CPU.ActiveCfg = Release|Any CPU
		{F7CC6315-6995-48B4-808A-ABDEFF62EEBE}.Release|Any CPU.Build.0 = Release|Any CPU
		{4E9E04B3-C427-4EDB-906E-577F7989CB22}.Debug|Any CPU.ActiveCfg = Debug|Any CPU
		{4E9E04B3-C427-4EDB-906E-577F7989CB22}.Debug|Any CPU.Build.0 = Debug|Any CPU
		{4E9E04B3-C427-4EDB-906E-577F7989CB22}.Release|Any CPU.ActiveCfg = Release|Any CPU
		{4E9E04B3-C427-4EDB-906E-577F7989CB22}.Release|Any CPU.Build.0 = Release|Any CPU
		{D6339E20-C097-4604-8E70-A302A9AB3381}.Debug|Any CPU.ActiveCfg = Debug|Any CPU
		{D6339E20-C097-4604-8E70-A302A9AB3381}.Debug|Any CPU.Build.0 = Debug|Any CPU
		{D6339E20-C097-4604-8E70-A302A9AB3381}.Release|Any CPU.ActiveCfg = Release|Any CPU
		{D6339E20-C097-4604-8E70-A302A9AB3381}.Release|Any CPU.Build.0 = Release|Any CPU
		{8ABC5880-452D-40DB-AF55-6B6FF76987A3}.Debug|Any CPU.ActiveCfg = Debug|Any CPU
		{8ABC5880-452D-40DB-AF55-6B6FF76987A3}.Debug|Any CPU.Build.0 = Debug|Any CPU
		{8ABC5880-452D-40DB-AF55-6B6FF76987A3}.Release|Any CPU.ActiveCfg = Release|Any CPU
		{8ABC5880-452D-40DB-AF55-6B6FF76987A3}.Release|Any CPU.Build.0 = Release|Any CPU
	EndGlobalSection
	GlobalSection(SolutionProperties) = preSolution
		HideSolutionNode = FALSE
	EndGlobalSection
	GlobalSection(ExtensibilityGlobals) = postSolution
		SolutionGuid = {7FA9EC66-2E35-46F4-B2BA-8352D4AEFDE8}
	EndGlobalSection
EndGlobal
