Microsoft Visual Studio Solution File, Format Version 12.00
# Visual Studio 15
VisualStudioVersion = 15.0.26430.15
MinimumVisualStudioVersion = 10.0.40219.1
Project("{FAE04EC0-301F-11D3-BF4B-00C04F79EFBC}") = "RetroSpy", "RetroSpy.csproj", "{265E6467-1C02-463D-ADE0-FDE2A3300925}"
EndProject
Project("{8BC9CEB8-8B4A-11D0-8D11-00A0C91BC942}") = "MiSTer", "MiSTer\MiSTer.vcxproj", "{95215A6D-FCC0-4634-B6E7-A5A1ED10C878}"
EndProject
Project("{803FD0C6-D64E-4E16-9DC3-1DAEC859A3D2}") = "firmware", "firmware\firmware.vgdbproj", "{73EA1611-B8A4-4879-8D2A-A2620F1326F9}"
EndProject
Global
	GlobalSection(SolutionConfigurationPlatforms) = preSolution
		Debug|Any CPU = Debug|Any CPU
		Debug|Arduino_Uno = Debug|Arduino_Uno
		Debug|Teensy_3 5 = Debug|Teensy_3 5
		Debug|x64 = Debug|x64
		Debug|x86 = Debug|x86
		Release|Any CPU = Release|Any CPU
		Release|Arduino_Uno = Release|Arduino_Uno
		Release|Teensy_3 5 = Release|Teensy_3 5
		Release|x64 = Release|x64
		Release|x86 = Release|x86
	EndGlobalSection
	GlobalSection(ProjectConfigurationPlatforms) = postSolution
		{265E6467-1C02-463D-ADE0-FDE2A3300925}.Debug|Any CPU.ActiveCfg = Debug|Any CPU
		{265E6467-1C02-463D-ADE0-FDE2A3300925}.Debug|Any CPU.Build.0 = Debug|Any CPU
		{265E6467-1C02-463D-ADE0-FDE2A3300925}.Debug|Arduino_Uno.ActiveCfg = Debug|Any CPU
		{265E6467-1C02-463D-ADE0-FDE2A3300925}.Debug|Arduino_Uno.Build.0 = Debug|Any CPU
		{265E6467-1C02-463D-ADE0-FDE2A3300925}.Debug|Teensy_3 5.ActiveCfg = Debug|Any CPU
		{265E6467-1C02-463D-ADE0-FDE2A3300925}.Debug|Teensy_3 5.Build.0 = Debug|Any CPU
		{265E6467-1C02-463D-ADE0-FDE2A3300925}.Debug|x64.ActiveCfg = Debug|x64
		{265E6467-1C02-463D-ADE0-FDE2A3300925}.Debug|x64.Build.0 = Debug|x64
		{265E6467-1C02-463D-ADE0-FDE2A3300925}.Debug|x86.ActiveCfg = Debug|x86
		{265E6467-1C02-463D-ADE0-FDE2A3300925}.Debug|x86.Build.0 = Debug|x86
		{265E6467-1C02-463D-ADE0-FDE2A3300925}.Release|Any CPU.ActiveCfg = Release|Any CPU
		{265E6467-1C02-463D-ADE0-FDE2A3300925}.Release|Any CPU.Build.0 = Release|Any CPU
		{265E6467-1C02-463D-ADE0-FDE2A3300925}.Release|Arduino_Uno.ActiveCfg = Release|Any CPU
		{265E6467-1C02-463D-ADE0-FDE2A3300925}.Release|Arduino_Uno.Build.0 = Release|Any CPU
		{265E6467-1C02-463D-ADE0-FDE2A3300925}.Release|Teensy_3 5.ActiveCfg = Release|Any CPU
		{265E6467-1C02-463D-ADE0-FDE2A3300925}.Release|Teensy_3 5.Build.0 = Release|Any CPU
		{265E6467-1C02-463D-ADE0-FDE2A3300925}.Release|x64.ActiveCfg = Release|x64
		{265E6467-1C02-463D-ADE0-FDE2A3300925}.Release|x64.Build.0 = Release|x64
		{265E6467-1C02-463D-ADE0-FDE2A3300925}.Release|x86.ActiveCfg = Release|x86
		{265E6467-1C02-463D-ADE0-FDE2A3300925}.Release|x86.Build.0 = Release|x86
		{95215A6D-FCC0-4634-B6E7-A5A1ED10C878}.Debug|Any CPU.ActiveCfg = Debug|Win32
		{95215A6D-FCC0-4634-B6E7-A5A1ED10C878}.Debug|Arduino_Uno.ActiveCfg = Debug|Win32
		{95215A6D-FCC0-4634-B6E7-A5A1ED10C878}.Debug|Arduino_Uno.Build.0 = Debug|Win32
		{95215A6D-FCC0-4634-B6E7-A5A1ED10C878}.Debug|Teensy_3 5.ActiveCfg = Debug|Win32
		{95215A6D-FCC0-4634-B6E7-A5A1ED10C878}.Debug|Teensy_3 5.Build.0 = Debug|Win32
		{95215A6D-FCC0-4634-B6E7-A5A1ED10C878}.Debug|x64.ActiveCfg = Debug|Win32
		{95215A6D-FCC0-4634-B6E7-A5A1ED10C878}.Debug|x86.ActiveCfg = Debug|Win32
		{95215A6D-FCC0-4634-B6E7-A5A1ED10C878}.Release|Any CPU.ActiveCfg = Release|Win32
		{95215A6D-FCC0-4634-B6E7-A5A1ED10C878}.Release|Arduino_Uno.ActiveCfg = Release|Win32
		{95215A6D-FCC0-4634-B6E7-A5A1ED10C878}.Release|Arduino_Uno.Build.0 = Release|Win32
		{95215A6D-FCC0-4634-B6E7-A5A1ED10C878}.Release|Teensy_3 5.ActiveCfg = Release|Win32
		{95215A6D-FCC0-4634-B6E7-A5A1ED10C878}.Release|Teensy_3 5.Build.0 = Release|Win32
		{95215A6D-FCC0-4634-B6E7-A5A1ED10C878}.Release|x64.ActiveCfg = Release|Win32
		{95215A6D-FCC0-4634-B6E7-A5A1ED10C878}.Release|x86.ActiveCfg = Release|Win32
		{73EA1611-B8A4-4879-8D2A-A2620F1326F9}.Debug|Any CPU.ActiveCfg = Debug|Arduino_Uno
		{73EA1611-B8A4-4879-8D2A-A2620F1326F9}.Debug|Arduino_Uno.ActiveCfg = Debug|Arduino_Uno
		{73EA1611-B8A4-4879-8D2A-A2620F1326F9}.Debug|Arduino_Uno.Build.0 = Debug|Arduino_Uno
		{73EA1611-B8A4-4879-8D2A-A2620F1326F9}.Debug|Teensy_3 5.ActiveCfg = Debug|Teensy_3 5
		{73EA1611-B8A4-4879-8D2A-A2620F1326F9}.Debug|Teensy_3 5.Build.0 = Debug|Teensy_3 5
		{73EA1611-B8A4-4879-8D2A-A2620F1326F9}.Debug|x64.ActiveCfg = Debug|Arduino_Uno
		{73EA1611-B8A4-4879-8D2A-A2620F1326F9}.Debug|x86.ActiveCfg = Debug|Arduino_Uno
		{73EA1611-B8A4-4879-8D2A-A2620F1326F9}.Release|Any CPU.ActiveCfg = Release|Arduino_Uno
		{73EA1611-B8A4-4879-8D2A-A2620F1326F9}.Release|Arduino_Uno.ActiveCfg = Release|Arduino_Uno
		{73EA1611-B8A4-4879-8D2A-A2620F1326F9}.Release|Arduino_Uno.Build.0 = Release|Arduino_Uno
		{73EA1611-B8A4-4879-8D2A-A2620F1326F9}.Release|Teensy_3 5.ActiveCfg = Release|Teensy_3 5
		{73EA1611-B8A4-4879-8D2A-A2620F1326F9}.Release|Teensy_3 5.Build.0 = Release|Teensy_3 5
		{73EA1611-B8A4-4879-8D2A-A2620F1326F9}.Release|x64.ActiveCfg = Release|Arduino_Uno
		{73EA1611-B8A4-4879-8D2A-A2620F1326F9}.Release|x86.ActiveCfg = Release|Arduino_Uno
	EndGlobalSection
	GlobalSection(SolutionProperties) = preSolution
		HideSolutionNode = FALSE
	EndGlobalSection
	GlobalSection(ExtensibilityGlobals) = postSolution
		SolutionGuid = {7FA9EC66-2E35-46F4-B2BA-8352D4AEFDE8}
	EndGlobalSection
EndGlobal
