<?xml version="1.0" encoding="utf-8"?>
<Project ToolsVersion="4.0" xmlns="http://schemas.microsoft.com/developer/msbuild/2003">
  <ItemGroup>
    <Filter Include="Source files">
      <UniqueIdentifier>{d6e83db9-c9de-4841-8a9e-69e73eda7127}</UniqueIdentifier>
      <Extensions>cpp;c;cc;cxx;def;odl;idl;hpj;bat;asm;asmx</Extensions>
    </Filter>
    <Filter Include="Header files">
      <UniqueIdentifier>{9aee1dba-20cb-4686-beba-77675c2ecbba}</UniqueIdentifier>
      <Extensions>h;hpp;hxx;hm;inl;inc;xsd</Extensions>
    </Filter>
    <Filter Include="Resource files">
      <UniqueIdentifier>{7a639513-4cf2-4364-b2ef-1463ac102b11}</UniqueIdentifier>
      <Extensions>rc;ico;cur;bmp;dlg;rc2;rct;bin;rgs;gif;jpg;jpeg;jpe;resx;tiff;tif;png;wav</Extensions>
    </Filter>
    <Filter Include="Make files">
      <UniqueIdentifier>{c0c09397-2dec-4828-9e4b-2d34475a6b2e}</UniqueIdentifier>
    </Filter>
    <Filter Include="VisualGDB settings">
      <UniqueIdentifier>{b7a62ede-f69c-4ff0-8986-ca678b6d726a}</UniqueIdentifier>
    </Filter>
  </ItemGroup>
  <ItemGroup>
    <None Include="debug.mak">
      <Filter>Make files</Filter>
    </None>
    <None Include="release.mak">
      <Filter>Make files</Filter>
    </None>
    <None Include="MiSTer-Debug.vgdbsettings">
      <Filter>VisualGDB settings</Filter>
    </None>
    <None Include="MiSTer-Release.vgdbsettings">
      <Filter>VisualGDB settings</Filter>
    </None>
    <None Include="update-retrospy.sh" />
    <None Include="update-retrospy-installer.sh" />
    <None Include="update-retrospy-nightly.sh" />
    <None Include="update-retrospy-nightly-installer.sh" />
  </ItemGroup>
  <ItemGroup>
    <None Include="Makefile" />
  </ItemGroup>
  <ItemGroup>
    <ClCompile Include="axbtnmap.c">
      <Filter>Source files</Filter>
    </ClCompile>
    <ClCompile Include="retrospy.c">
      <Filter>Source files</Filter>
    </ClCompile>
  </ItemGroup>
  <ItemGroup>
    <ClInclude Include="axbtnmap.h">
      <Filter>Header files</Filter>
    </ClInclude>
  </ItemGroup>
</Project>